
Microsoft Visual Studio Solution File, Format Version 12.00
# Visual Studio Version 17
VisualStudioVersion = 17.2.32630.192
MinimumVisualStudioVersion = 10.0.40219.1
Project("{9A19103F-16F7-4668-BE54-9A1E7A4F7556}") = "LibraryWebApi.Tests", "LibraryWebApi.Tests\LibraryWebApi.Tests.csproj", "{36078F84-55F7-42CD-A034-83D99EB5AC99}"
EndProject
Project("{9A19103F-16F7-4668-BE54-9A1E7A4F7556}") = "LibraryWebApi", "LibraryWebApi\LibraryWebApi.csproj", "{FF7A61FD-65F7-45F3-A82A-B8959DEC68B1}"
EndProject
Global
	GlobalSection(SolutionConfigurationPlatforms) = preSolution
		Debug|Any CPU = Debug|Any CPU
		Release|Any CPU = Release|Any CPU
	EndGlobalSection
	GlobalSection(ProjectConfigurationPlatforms) = postSolution
		{36078F84-55F7-42CD-A034-83D99EB5AC99}.Debug|Any CPU.ActiveCfg = Debug|Any CPU
		{36078F84-55F7-42CD-A034-83D99EB5AC99}.Debug|Any CPU.Build.0 = Debug|Any CPU
		{36078F84-55F7-42CD-A034-83D99EB5AC99}.Release|Any CPU.ActiveCfg = Release|Any CPU
		{36078F84-55F7-42CD-A034-83D99EB5AC99}.Release|Any CPU.Build.0 = Release|Any CPU
		{FF7A61FD-65F7-45F3-A82A-B8959DEC68B1}.Debug|Any CPU.ActiveCfg = Debug|Any CPU
		{FF7A61FD-65F7-45F3-A82A-B8959DEC68B1}.Debug|Any CPU.Build.0 = Debug|Any CPU
		{FF7A61FD-65F7-45F3-A82A-B8959DEC68B1}.Release|Any CPU.ActiveCfg = Release|Any CPU
		{FF7A61FD-65F7-45F3-A82A-B8959DEC68B1}.Release|Any CPU.Build.0 = Release|Any CPU
	EndGlobalSection
	GlobalSection(SolutionProperties) = preSolution
		HideSolutionNode = FALSE
	EndGlobalSection
	GlobalSection(ExtensibilityGlobals) = postSolution
		SolutionGuid = {42791104-D15B-4DB5-9203-FBCF3E49BD45}
	EndGlobalSection
EndGlobal
